
Microsoft Visual Studio Solution File, Format Version 12.00
# Visual Studio 15
VisualStudioVersion = 15.0.27004.2002
MinimumVisualStudioVersion = 10.0.40219.1
Project("{FAE04EC0-301F-11D3-BF4B-00C04F79EFBC}") = "VSHelloWorld_14022019", "VSHelloWorld_14022019\VSHelloWorld_14022019.csproj", "{EEB567ED-E812-4282-91C3-0C26A4C854B5}"
EndProject
Global
	GlobalSection(SolutionConfigurationPlatforms) = preSolution
		Debug|Any CPU = Debug|Any CPU
		Release|Any CPU = Release|Any CPU
	EndGlobalSection
	GlobalSection(ProjectConfigurationPlatforms) = postSolution
		{EEB567ED-E812-4282-91C3-0C26A4C854B5}.Debug|Any CPU.ActiveCfg = Debug|Any CPU
		{EEB567ED-E812-4282-91C3-0C26A4C854B5}.Debug|Any CPU.Build.0 = Debug|Any CPU
		{EEB567ED-E812-4282-91C3-0C26A4C854B5}.Release|Any CPU.ActiveCfg = Release|Any CPU
		{EEB567ED-E812-4282-91C3-0C26A4C854B5}.Release|Any CPU.Build.0 = Release|Any CPU
	EndGlobalSection
	GlobalSection(SolutionProperties) = preSolution
		HideSolutionNode = FALSE
	EndGlobalSection
	GlobalSection(ExtensibilityGlobals) = postSolution
		SolutionGuid = {54951052-F3D4-4483-AA51-F3B4BFC6D3DF}
	EndGlobalSection
EndGlobal
